
Microsoft Visual Studio Solution File, Format Version 12.00
# Visual Studio Version 16
VisualStudioVersion = 16.0.31702.278
MinimumVisualStudioVersion = 10.0.40219.1
Project("{8BC9CEB8-8B4A-11D0-8D11-00A0C91BC942}") = "JpcToSerialRpi", "JpcToSerialRpi\JpcToSerialRpi.vcxproj", "{D605FD07-F183-4FEA-8D20-5F860570DC77}"
EndProject
Global
	GlobalSection(SolutionConfigurationPlatforms) = preSolution
		Debug|ARM = Debug|ARM
		Debug|ARM64 = Debug|ARM64
		Debug|x64 = Debug|x64
		Debug|x86 = Debug|x86
		Release|ARM = Release|ARM
		Release|ARM64 = Release|ARM64
		Release|x64 = Release|x64
		Release|x86 = Release|x86
	EndGlobalSection
	GlobalSection(ProjectConfigurationPlatforms) = postSolution
		{D605FD07-F183-4FEA-8D20-5F860570DC77}.Debug|ARM.ActiveCfg = Debug|ARM
		{D605FD07-F183-4FEA-8D20-5F860570DC77}.Debug|ARM.Build.0 = Debug|ARM
		{D605FD07-F183-4FEA-8D20-5F860570DC77}.Debug|ARM.Deploy.0 = Debug|ARM
		{D605FD07-F183-4FEA-8D20-5F860570DC77}.Debug|ARM64.ActiveCfg = Debug|ARM64
		{D605FD07-F183-4FEA-8D20-5F860570DC77}.Debug|ARM64.Build.0 = Debug|ARM64
		{D605FD07-F183-4FEA-8D20-5F860570DC77}.Debug|ARM64.Deploy.0 = Debug|ARM64
		{D605FD07-F183-4FEA-8D20-5F860570DC77}.Debug|x64.ActiveCfg = Debug|x64
		{D605FD07-F183-4FEA-8D20-5F860570DC77}.Debug|x64.Build.0 = Debug|x64
		{D605FD07-F183-4FEA-8D20-5F860570DC77}.Debug|x64.Deploy.0 = Debug|x64
		{D605FD07-F183-4FEA-8D20-5F860570DC77}.Debug|x86.ActiveCfg = Debug|x86
		{D605FD07-F183-4FEA-8D20-5F860570DC77}.Debug|x86.Build.0 = Debug|x86
		{D605FD07-F183-4FEA-8D20-5F860570DC77}.Debug|x86.Deploy.0 = Debug|x86
		{D605FD07-F183-4FEA-8D20-5F860570DC77}.Release|ARM.ActiveCfg = Release|ARM
		{D605FD07-F183-4FEA-8D20-5F860570DC77}.Release|ARM.Build.0 = Release|ARM
		{D605FD07-F183-4FEA-8D20-5F860570DC77}.Release|ARM.Deploy.0 = Release|ARM
		{D605FD07-F183-4FEA-8D20-5F860570DC77}.Release|ARM64.ActiveCfg = Release|ARM64
		{D605FD07-F183-4FEA-8D20-5F860570DC77}.Release|ARM64.Build.0 = Release|ARM64
		{D605FD07-F183-4FEA-8D20-5F860570DC77}.Release|ARM64.Deploy.0 = Release|ARM64
		{D605FD07-F183-4FEA-8D20-5F860570DC77}.Release|x64.ActiveCfg = Release|x64
		{D605FD07-F183-4FEA-8D20-5F860570DC77}.Release|x64.Build.0 = Release|x64
		{D605FD07-F183-4FEA-8D20-5F860570DC77}.Release|x64.Deploy.0 = Release|x64
		{D605FD07-F183-4FEA-8D20-5F860570DC77}.Release|x86.ActiveCfg = Release|x86
		{D605FD07-F183-4FEA-8D20-5F860570DC77}.Release|x86.Build.0 = Release|x86
		{D605FD07-F183-4FEA-8D20-5F860570DC77}.Release|x86.Deploy.0 = Release|x86
	EndGlobalSection
	GlobalSection(SolutionProperties) = preSolution
		HideSolutionNode = FALSE
	EndGlobalSection
	GlobalSection(ExtensibilityGlobals) = postSolution
		SolutionGuid = {12934103-4E5F-4D4E-BA7B-F7CB761D4F07}
	EndGlobalSection
EndGlobal
